
Microsoft Visual Studio Solution File, Format Version 12.00
# Visual Studio Version 16
VisualStudioVersion = 16.0.33130.400
MinimumVisualStudioVersion = 10.0.40219.1
Project("{9A19103F-16F7-4668-BE54-9A1E7A4F7556}") = "DataAccess", "DataAccess\DataAccess.csproj", "{2E596C34-C204-4CDA-A01D-8704093E2A5C}"
EndProject
Project("{9A19103F-16F7-4668-BE54-9A1E7A4F7556}") = "Business", "Business\Business.csproj", "{3D1577ED-AB47-4583-83EE-4CCCB0ED3273}"
EndProject
Project("{9A19103F-16F7-4668-BE54-9A1E7A4F7556}") = "Entities", "Entities\Entities.csproj", "{BD91A006-D6D7-4EC1-B3AC-C606EB42C1A2}"
EndProject
Project("{9A19103F-16F7-4668-BE54-9A1E7A4F7556}") = "ConsoleUI", "Console\ConsoleUI.csproj", "{C393AB4D-2FEB-40D6-8DC3-019754F9991F}"
EndProject
Project("{9A19103F-16F7-4668-BE54-9A1E7A4F7556}") = "Core", "Core\Core.csproj", "{B9E03383-123D-40FE-9160-1103EFF1EEAD}"
EndProject
Project("{FAE04EC0-301F-11D3-BF4B-00C04F79EFBC}") = "WebAPI", "WebAPI\WebAPI.csproj", "{41749FBA-7B2A-40CF-B469-C82C0301BBAA}"
EndProject
Global
	GlobalSection(SolutionConfigurationPlatforms) = preSolution
		Debug|Any CPU = Debug|Any CPU
		Release|Any CPU = Release|Any CPU
	EndGlobalSection
	GlobalSection(ProjectConfigurationPlatforms) = postSolution
		{2E596C34-C204-4CDA-A01D-8704093E2A5C}.Debug|Any CPU.ActiveCfg = Debug|Any CPU
		{2E596C34-C204-4CDA-A01D-8704093E2A5C}.Debug|Any CPU.Build.0 = Debug|Any CPU
		{2E596C34-C204-4CDA-A01D-8704093E2A5C}.Release|Any CPU.ActiveCfg = Release|Any CPU
		{2E596C34-C204-4CDA-A01D-8704093E2A5C}.Release|Any CPU.Build.0 = Release|Any CPU
		{3D1577ED-AB47-4583-83EE-4CCCB0ED3273}.Debug|Any CPU.ActiveCfg = Debug|Any CPU
		{3D1577ED-AB47-4583-83EE-4CCCB0ED3273}.Debug|Any CPU.Build.0 = Debug|Any CPU
		{3D1577ED-AB47-4583-83EE-4CCCB0ED3273}.Release|Any CPU.ActiveCfg = Release|Any CPU
		{3D1577ED-AB47-4583-83EE-4CCCB0ED3273}.Release|Any CPU.Build.0 = Release|Any CPU
		{BD91A006-D6D7-4EC1-B3AC-C606EB42C1A2}.Debug|Any CPU.ActiveCfg = Debug|Any CPU
		{BD91A006-D6D7-4EC1-B3AC-C606EB42C1A2}.Debug|Any CPU.Build.0 = Debug|Any CPU
		{BD91A006-D6D7-4EC1-B3AC-C606EB42C1A2}.Release|Any CPU.ActiveCfg = Release|Any CPU
		{BD91A006-D6D7-4EC1-B3AC-C606EB42C1A2}.Release|Any CPU.Build.0 = Release|Any CPU
		{C393AB4D-2FEB-40D6-8DC3-019754F9991F}.Debug|Any CPU.ActiveCfg = Debug|Any CPU
		{C393AB4D-2FEB-40D6-8DC3-019754F9991F}.Debug|Any CPU.Build.0 = Debug|Any CPU
		{C393AB4D-2FEB-40D6-8DC3-019754F9991F}.Release|Any CPU.ActiveCfg = Release|Any CPU
		{C393AB4D-2FEB-40D6-8DC3-019754F9991F}.Release|Any CPU.Build.0 = Release|Any CPU
		{B9E03383-123D-40FE-9160-1103EFF1EEAD}.Debug|Any CPU.ActiveCfg = Debug|Any CPU
		{B9E03383-123D-40FE-9160-1103EFF1EEAD}.Debug|Any CPU.Build.0 = Debug|Any CPU
		{B9E03383-123D-40FE-9160-1103EFF1EEAD}.Release|Any CPU.ActiveCfg = Release|Any CPU
		{B9E03383-123D-40FE-9160-1103EFF1EEAD}.Release|Any CPU.Build.0 = Release|Any CPU
		{41749FBA-7B2A-40CF-B469-C82C0301BBAA}.Debug|Any CPU.ActiveCfg = Debug|Any CPU
		{41749FBA-7B2A-40CF-B469-C82C0301BBAA}.Debug|Any CPU.Build.0 = Debug|Any CPU
		{41749FBA-7B2A-40CF-B469-C82C0301BBAA}.Release|Any CPU.ActiveCfg = Release|Any CPU
		{41749FBA-7B2A-40CF-B469-C82C0301BBAA}.Release|Any CPU.Build.0 = Release|Any CPU
	EndGlobalSection
	GlobalSection(SolutionProperties) = preSolution
		HideSolutionNode = FALSE
	EndGlobalSection
	GlobalSection(ExtensibilityGlobals) = postSolution
		SolutionGuid = {28B2CB40-FEED-490D-85EE-F9B7FF1D86E1}
	EndGlobalSection
EndGlobal
